
Microsoft Visual Studio Solution File, Format Version 12.00
# Visual Studio Version 18
VisualStudioVersion = 18.3.11520.95 d18.3
MinimumVisualStudioVersion = 10.0.40219.1
Project("{FAE04EC0-301F-11D3-BF4B-00C04F79EFBC}") = "TrafficRouteOptimizer.API", "TrafficRouteOptimizer.API.csproj", "{243F630F-52FC-69F6-4B35-FCB643B80167}"
EndProject
Global
	GlobalSection(SolutionConfigurationPlatforms) = preSolution
		Debug|Any CPU = Debug|Any CPU
		Release|Any CPU = Release|Any CPU
	EndGlobalSection
	GlobalSection(ProjectConfigurationPlatforms) = postSolution
		{243F630F-52FC-69F6-4B35-FCB643B80167}.Debug|Any CPU.ActiveCfg = Debug|Any CPU
		{243F630F-52FC-69F6-4B35-FCB643B80167}.Debug|Any CPU.Build.0 = Debug|Any CPU
		{243F630F-52FC-69F6-4B35-FCB643B80167}.Release|Any CPU.ActiveCfg = Release|Any CPU
		{243F630F-52FC-69F6-4B35-FCB643B80167}.Release|Any CPU.Build.0 = Release|Any CPU
	EndGlobalSection
	GlobalSection(SolutionProperties) = preSolution
		HideSolutionNode = FALSE
	EndGlobalSection
	GlobalSection(ExtensibilityGlobals) = postSolution
		SolutionGuid = {E8956E57-8741-4DFD-A80C-B6D432B9E149}
	EndGlobalSection
EndGlobal
